// !$*UTF8*$!
{
	archiveVersion = 1;
	classes = {
	};
	objectVersion = 50;
	objects = {

/* Begin PBXBuildFile section */
		09515368216FC8FB00477428 /* AppDelegate.swift in Sources */ = {isa = PBXBuildFile; fileRef = 09515367216FC8FB00477428 /* AppDelegate.swift */; };
		0951536A216FC8FB00477428 /* ViewController.swift in Sources */ = {isa = PBXBuildFile; fileRef = 09515369216FC8FB00477428 /* ViewController.swift */; };
		0951536D216FC8FB00477428 /* Main.storyboard in Resources */ = {isa = PBXBuildFile; fileRef = 0951536B216FC8FB00477428 /* Main.storyboard */; };
		0951536F216FC8FC00477428 /* Assets.xcassets in Resources */ = {isa = PBXBuildFile; fileRef = 0951536E216FC8FC00477428 /* Assets.xcassets */; };
		09515372216FC8FC00477428 /* LaunchScreen.storyboard in Resources */ = {isa = PBXBuildFile; fileRef = 09515370216FC8FC00477428 /* LaunchScreen.storyboard */; };
		0951537D216FC8FD00477428 /* ClockTests.swift in Sources */ = {isa = PBXBuildFile; fileRef = 0951537C216FC8FD00477428 /* ClockTests.swift */; };
		09515388216FC8FD00477428 /* ClockUITests.swift in Sources */ = {isa = PBXBuildFile; fileRef = 09515387216FC8FD00477428 /* ClockUITests.swift */; };
		09515396216FCD3900477428 /* Clock.swift in Sources */ = {isa = PBXBuildFile; fileRef = 09515395216FCD3900477428 /* Clock.swift */; };
/* End PBXBuildFile section */

/* Begin PBXContainerItemProxy section */
		09515379216FC8FD00477428 /* PBXContainerItemProxy */ = {
			isa = PBXContainerItemProxy;
			containerPortal = 0951535C216FC8FB00477428 /* Project object */;
			proxyType = 1;
			remoteGlobalIDString = 09515363216FC8FB00477428;
			remoteInfo = Clock;
		};
		09515384216FC8FD00477428 /* PBXContainerItemProxy */ = {
			isa = PBXContainerItemProxy;
			containerPortal = 0951535C216FC8FB00477428 /* Project object */;
			proxyType = 1;
			remoteGlobalIDString = 09515363216FC8FB00477428;
			remoteInfo = Clock;
		};
/* End PBXContainerItemProxy section */

/* Begin PBXFileReference section */
		09515364216FC8FB00477428 /* Clock.app */ = {isa = PBXFileReference; explicitFileType = wrapper.application; includeInIndex = 0; path = Clock.app; sourceTree = BUILT_PRODUCTS_DIR; };
		09515367216FC8FB00477428 /* AppDelegate.swift */ = {isa = PBXFileReference; lastKnownFileType = sourcecode.swift; path = AppDelegate.swift; sourceTree = "<group>"; };
		09515369216FC8FB00477428 /* ViewController.swift */ = {isa = PBXFileReference; lastKnownFileType = sourcecode.swift; path = ViewController.swift; sourceTree = "<group>"; };
		0951536C216FC8FB00477428 /* Base */ = {isa = PBXFileReference; lastKnownFileType = file.storyboard; name = Base; path = Base.lproj/Main.storyboard; sourceTree = "<group>"; };
		0951536E216FC8FC00477428 /* Assets.xcassets */ = {isa = PBXFileReference; lastKnownFileType = folder.assetcatalog; path = Assets.xcassets; sourceTree = "<group>"; };
		09515371216FC8FC00477428 /* Base */ = {isa = PBXFileReference; lastKnownFileType = file.storyboard; name = Base; path = Base.lproj/LaunchScreen.storyboard; sourceTree = "<group>"; };
		09515373216FC8FC00477428 /* Info.plist */ = {isa = PBXFileReference; lastKnownFileType = text.plist.xml; path = Info.plist; sourceTree = "<group>"; };
		09515378216FC8FD00477428 /* ClockTests.xctest */ = {isa = PBXFileReference; explicitFileType = wrapper.cfbundle; includeInIndex = 0; path = ClockTests.xctest; sourceTree = BUILT_PRODUCTS_DIR; };
		0951537C216FC8FD00477428 /* ClockTests.swift */ = {isa = PBXFileReference; lastKnownFileType = sourcecode.swift; path = ClockTests.swift; sourceTree = "<group>"; };
		0951537E216FC8FD00477428 /* Info.plist */ = {isa = PBXFileReference; lastKnownFileType = text.plist.xml; path = Info.plist; sourceTree = "<group>"; };
		09515383216FC8FD00477428 /* ClockUITests.xctest */ = {isa = PBXFileReference; explicitFileType = wrapper.cfbundle; includeInIndex = 0; path = ClockUITests.xctest; sourceTree = BUILT_PRODUCTS_DIR; };
		09515387216FC8FD00477428 /* ClockUITests.swift */ = {isa = PBXFileReference; lastKnownFileType = sourcecode.swift; path = ClockUITests.swift; sourceTree = "<group>"; };
		09515389216FC8FD00477428 /* Info.plist */ = {isa = PBXFileReference; lastKnownFileType = text.plist.xml; path = Info.plist; sourceTree = "<group>"; };
		09515395216FCD3900477428 /* Clock.swift */ = {isa = PBXFileReference; lastKnownFileType = sourcecode.swift; path = Clock.swift; sourceTree = "<group>"; };
/* End PBXFileReference section */

/* Begin PBXFrameworksBuildPhase section */
		09515361216FC8FB00477428 /* Frameworks */ = {
			isa = PBXFrameworksBuildPhase;
			buildActionMask = 2147483647;
			files = (
			);
			runOnlyForDeploymentPostprocessing = 0;
		};
		09515375216FC8FD00477428 /* Frameworks */ = {
			isa = PBXFrameworksBuildPhase;
			buildActionMask = 2147483647;
			files = (
			);
			runOnlyForDeploymentPostprocessing = 0;
		};
		09515380216FC8FD00477428 /* Frameworks */ = {
			isa = PBXFrameworksBuildPhase;
			buildActionMask = 2147483647;
			files = (
			);
			runOnlyForDeploymentPostprocessing = 0;
		};
/* End PBXFrameworksBuildPhase section */

/* Begin PBXGroup section */
		0951535B216FC8FB00477428 = {
			isa = PBXGroup;
			children = (
				09515366216FC8FB00477428 /* Clock */,
				0951537B216FC8FD00477428 /* ClockTests */,
				09515386216FC8FD00477428 /* ClockUITests */,
				09515365216FC8FB00477428 /* Products */,
			);
			sourceTree = "<group>";
		};
		09515365216FC8FB00477428 /* Products */ = {
			isa = PBXGroup;
			children = (
				09515364216FC8FB00477428 /* Clock.app */,
				09515378216FC8FD00477428 /* ClockTests.xctest */,
				09515383216FC8FD00477428 /* ClockUITests.xctest */,
			);
			name = Products;
			sourceTree = "<group>";
		};
		09515366216FC8FB00477428 /* Clock */ = {
			isa = PBXGroup;
			children = (
				09515395216FCD3900477428 /* Clock.swift */,
				09515367216FC8FB00477428 /* AppDelegate.swift */,
				09515369216FC8FB00477428 /* ViewController.swift */,
				0951536B216FC8FB00477428 /* Main.storyboard */,
				0951536E216FC8FC00477428 /* Assets.xcassets */,
				09515370216FC8FC00477428 /* LaunchScreen.storyboard */,
				09515373216FC8FC00477428 /* Info.plist */,
			);
			path = Clock;
			sourceTree = "<group>";
		};
		0951537B216FC8FD00477428 /* ClockTests */ = {
			isa = PBXGroup;
			children = (
				0951537C216FC8FD00477428 /* ClockTests.swift */,
				0951537E216FC8FD00477428 /* Info.plist */,
			);
			path = ClockTests;
			sourceTree = "<group>";
		};
		09515386216FC8FD00477428 /* ClockUITests */ = {
			isa = PBXGroup;
			children = (
				09515387216FC8FD00477428 /* ClockUITests.swift */,
				09515389216FC8FD00477428 /* Info.plist */,
			);
			path = ClockUITests;
			sourceTree = "<group>";
		};
/* End PBXGroup section */

/* Begin PBXNativeTarget section */
		09515363216FC8FB00477428 /* Clock */ = {
			isa = PBXNativeTarget;
			buildConfigurationList = 0951538C216FC8FD00477428 /* Build configuration list for PBXNativeTarget "Clock" */;
			buildPhases = (
				09515360216FC8FB00477428 /* Sources */,
				09515361216FC8FB00477428 /* Frameworks */,
				09515362216FC8FB00477428 /* Resources */,
			);
			buildRules = (
			);
			dependencies = (
			);
			name = Clock;
			productName = Clock;
			productReference = 09515364216FC8FB00477428 /* Clock.app */;
			productType = "com.apple.product-type.application";
		};
		09515377216FC8FD00477428 /* ClockTests */ = {
			isa = PBXNativeTarget;
			buildConfigurationList = 0951538F216FC8FD00477428 /* Build configuration list for PBXNativeTarget "ClockTests" */;
			buildPhases = (
				09515374216FC8FD00477428 /* Sources */,
				09515375216FC8FD00477428 /* Frameworks */,
				09515376216FC8FD00477428 /* Resources */,
			);
			buildRules = (
			);
			dependencies = (
				0951537A216FC8FD00477428 /* PBXTargetDependency */,
			);
			name = ClockTests;
			productName = ClockTests;
			productReference = 09515378216FC8FD00477428 /* ClockTests.xctest */;
			productType = "com.apple.product-type.bundle.unit-test";
		};
		09515382216FC8FD00477428 /* ClockUITests */ = {
			isa = PBXNativeTarget;
			buildConfigurationList = 09515392216FC8FD00477428 /* Build configuration list for PBXNativeTarget "ClockUITests" */;
			buildPhases = (
				0951537F216FC8FD00477428 /* Sources */,
				09515380216FC8FD00477428 /* Frameworks */,
				09515381216FC8FD00477428 /* Resources */,
			);
			buildRules = (
			);
			dependencies = (
				09515385216FC8FD00477428 /* PBXTargetDependency */,
			);
			name = ClockUITests;
			productName = ClockUITests;
			productReference = 09515383216FC8FD00477428 /* ClockUITests.xctest */;
			productType = "com.apple.product-type.bundle.ui-testing";
		};
/* End PBXNativeTarget section */

/* Begin PBXProject section */
		0951535C216FC8FB00477428 /* Project object */ = {
			isa = PBXProject;
			attributes = {
				LastSwiftUpdateCheck = 0940;
				LastUpgradeCheck = 0940;
				ORGANIZATIONNAME = "Swope, Thomas";
				TargetAttributes = {
					09515363216FC8FB00477428 = {
						CreatedOnToolsVersion = 9.4;
					};
					09515377216FC8FD00477428 = {
						CreatedOnToolsVersion = 9.4;
						TestTargetID = 09515363216FC8FB00477428;
					};
					09515382216FC8FD00477428 = {
						CreatedOnToolsVersion = 9.4;
						TestTargetID = 09515363216FC8FB00477428;
					};
				};
			};
			buildConfigurationList = 0951535F216FC8FB00477428 /* Build configuration list for PBXProject "Clock" */;
			compatibilityVersion = "Xcode 9.3";
			developmentRegion = en;
			hasScannedForEncodings = 0;
			knownRegions = (
				en,
				Base,
			);
			mainGroup = 0951535B216FC8FB00477428;
			productRefGroup = 09515365216FC8FB00477428 /* Products */;
			projectDirPath = "";
			projectRoot = "";
			targets = (
				09515363216FC8FB00477428 /* Clock */,
				09515377216FC8FD00477428 /* ClockTests */,
				09515382216FC8FD00477428 /* ClockUITests */,
			);
		};
/* End PBXProject section */

/* Begin PBXResourcesBuildPhase section */
		09515362216FC8FB00477428 /* Resources */ = {
			isa = PBXResourcesBuildPhase;
			buildActionMask = 2147483647;
			files = (
				09515372216FC8FC00477428 /* LaunchScreen.storyboard in Resources */,
				0951536F216FC8FC00477428 /* Assets.xcassets in Resources */,
				0951536D216FC8FB00477428 /* Main.storyboard in Resources */,
			);
			runOnlyForDeploymentPostprocessing = 0;
		};
		09515376216FC8FD00477428 /* Resources */ = {
			isa = PBXResourcesBuildPhase;
			buildActionMask = 2147483647;
			files = (
			);
			runOnlyForDeploymentPostprocessing = 0;
		};
		09515381216FC8FD00477428 /* Resources */ = {
			isa = PBXResourcesBuildPhase;
			buildActionMask = 2147483647;
			files = (
			);
			runOnlyForDeploymentPostprocessing = 0;
		};
/* End PBXResourcesBuildPhase section */

/* Begin PBXSourcesBuildPhase section */
		09515360216FC8FB00477428 /* Sources */ = {
			isa = PBXSourcesBuildPhase;
			buildActionMask = 2147483647;
			files = (
				09515396216FCD3900477428 /* Clock.swift in Sources */,
				0951536A216FC8FB00477428 /* ViewController.swift in Sources */,
				09515368216FC8FB00477428 /* AppDelegate.swift in Sources */,
			);
			runOnlyForDeploymentPostprocessing = 0;
		};
		09515374216FC8FD00477428 /* Sources */ = {
			isa = PBXSourcesBuildPhase;
			buildActionMask = 2147483647;
			files = (
				0951537D216FC8FD00477428 /* ClockTests.swift in Sources */,
			);
			runOnlyForDeploymentPostprocessing = 0;
		};
		0951537F216FC8FD00477428 /* Sources */ = {
			isa = PBXSourcesBuildPhase;
			buildActionMask = 2147483647;
			files = (
				09515388216FC8FD00477428 /* ClockUITests.swift in Sources */,
			);
			runOnlyForDeploymentPostprocessing = 0;
		};
/* End PBXSourcesBuildPhase section */

/* Begin PBXTargetDependency section */
		0951537A216FC8FD00477428 /* PBXTargetDependency */ = {
			isa = PBXTargetDependency;
			target = 09515363216FC8FB00477428 /* Clock */;
			targetProxy = 09515379216FC8FD00477428 /* PBXContainerItemProxy */;
		};
		09515385216FC8FD00477428 /* PBXTargetDependency */ = {
			isa = PBXTargetDependency;
			target = 09515363216FC8FB00477428 /* Clock */;
			targetProxy = 09515384216FC8FD00477428 /* PBXContainerItemProxy */;
		};
/* End PBXTargetDependency section */

/* Begin PBXVariantGroup section */
		0951536B216FC8FB00477428 /* Main.storyboard */ = {
			isa = PBXVariantGroup;
			children = (
				0951536C216FC8FB00477428 /* Base */,
			);
			name = Main.storyboard;
			sourceTree = "<group>";
		};
		09515370216FC8FC00477428 /* LaunchScreen.storyboard */ = {
			isa = PBXVariantGroup;
			children = (
				09515371216FC8FC00477428 /* Base */,
			);
			name = LaunchScreen.storyboard;
			sourceTree = "<group>";
		};
/* End PBXVariantGroup section */

/* Begin XCBuildConfiguration section */
		0951538A216FC8FD00477428 /* Debug */ = {
			isa = XCBuildConfiguration;
			buildSettings = {
				ALWAYS_SEARCH_USER_PATHS = NO;
				CLANG_ANALYZER_NONNULL = YES;
				CLANG_ANALYZER_NUMBER_OBJECT_CONVERSION = YES_AGGRESSIVE;
				CLANG_CXX_LANGUAGE_STANDARD = "gnu++14";
				CLANG_CXX_LIBRARY = "libc++";
				CLANG_ENABLE_MODULES = YES;
				CLANG_ENABLE_OBJC_ARC = YES;
				CLANG_ENABLE_OBJC_WEAK = YES;
				CLANG_WARN_BLOCK_CAPTURE_AUTORELEASING = YES;
				CLANG_WARN_BOOL_CONVERSION = YES;
				CLANG_WARN_COMMA = YES;
				CLANG_WARN_CONSTANT_CONVERSION = YES;
				CLANG_WARN_DEPRECATED_OBJC_IMPLEMENTATIONS = YES;
				CLANG_WARN_DIRECT_OBJC_ISA_USAGE = YES_ERROR;
				CLANG_WARN_DOCUMENTATION_COMMENTS = YES;
				CLANG_WARN_EMPTY_BODY = YES;
				CLANG_WARN_ENUM_CONVERSION = YES;
				CLANG_WARN_INFINITE_RECURSION = YES;
				CLANG_WARN_INT_CONVERSION = YES;
				CLANG_WARN_NON_LITERAL_NULL_CONVERSION = YES;
				CLANG_WARN_OBJC_IMPLICIT_RETAIN_SELF = YES;
				CLANG_WARN_OBJC_LITERAL_CONVERSION = YES;
				CLANG_WARN_OBJC_ROOT_CLASS = YES_ERROR;
				CLANG_WARN_RANGE_LOOP_ANALYSIS = YES;
				CLANG_WARN_STRICT_PROTOTYPES = YES;
				CLANG_WARN_SUSPICIOUS_MOVE = YES;
				CLANG_WARN_UNGUARDED_AVAILABILITY = YES_AGGRESSIVE;
				CLANG_WARN_UNREACHABLE_CODE = YES;
				CLANG_WARN__DUPLICATE_METHOD_MATCH = YES;
				CODE_SIGN_IDENTITY = "iPhone Developer";
				COPY_PHASE_STRIP = NO;
				DEBUG_INFORMATION_FORMAT = dwarf;
				ENABLE_STRICT_OBJC_MSGSEND = YES;
				ENABLE_TESTABILITY = YES;
				GCC_C_LANGUAGE_STANDARD = gnu11;
				GCC_DYNAMIC_NO_PIC = NO;
				GCC_NO_COMMON_BLOCKS = YES;
				GCC_OPTIMIZATION_LEVEL = 0;
				GCC_PREPROCESSOR_DEFINITIONS = (
					"DEBUG=1",
					"$(inherited)",
				);
				GCC_WARN_64_TO_32_BIT_CONVERSION = YES;
				GCC_WARN_ABOUT_RETURN_TYPE = YES_ERROR;
				GCC_WARN_UNDECLARED_SELECTOR = YES;
				GCC_WARN_UNINITIALIZED_AUTOS = YES_AGGRESSIVE;
				GCC_WARN_UNUSED_FUNCTION = YES;
				GCC_WARN_UNUSED_VARIABLE = YES;
				IPHONEOS_DEPLOYMENT_TARGET = 11.4;
				MTL_ENABLE_DEBUG_INFO = YES;
				ONLY_ACTIVE_ARCH = YES;
				SDKROOT = iphoneos;
				SWIFT_ACTIVE_COMPILATION_CONDITIONS = DEBUG;
				SWIFT_OPTIMIZATION_LEVEL = "-Onone";
			};
			name = Debug;
		};
		0951538B216FC8FD00477428 /* Release */ = {
			isa = XCBuildConfiguration;
			buildSettings = {
				ALWAYS_SEARCH_USER_PATHS = NO;
				CLANG_ANALYZER_NONNULL = YES;
				CLANG_ANALYZER_NUMBER_OBJECT_CONVERSION = YES_AGGRESSIVE;
				CLANG_CXX_LANGUAGE_STANDARD = "gnu++14";
				CLANG_CXX_LIBRARY = "libc++";
				CLANG_ENABLE_MODULES = YES;
				CLANG_ENABLE_OBJC_ARC = YES;
				CLANG_ENABLE_OBJC_WEAK = YES;
				CLANG_WARN_BLOCK_CAPTURE_AUTORELEASING = YES;
				CLANG_WARN_BOOL_CONVERSION = YES;
				CLANG_WARN_COMMA = YES;
				CLANG_WARN_CONSTANT_CONVERSION = YES;
				CLANG_WARN_DEPRECATED_OBJC_IMPLEMENTATIONS = YES;
				CLANG_WARN_DIRECT_OBJC_ISA_USAGE = YES_ERROR;
				CLANG_WARN_DOCUMENTATION_COMMENTS = YES;
				CLANG_WARN_EMPTY_BODY = YES;
				CLANG_WARN_ENUM_CONVERSION = YES;
				CLANG_WARN_INFINITE_RECURSION = YES;
				CLANG_WARN_INT_CONVERSION = YES;
				CLANG_WARN_NON_LITERAL_NULL_CONVERSION = YES;
				CLANG_WARN_OBJC_IMPLICIT_RETAIN_SELF = YES;
				CLANG_WARN_OBJC_LITERAL_CONVERSION = YES;
				CLANG_WARN_OBJC_ROOT_CLASS = YES_ERROR;
				CLANG_WARN_RANGE_LOOP_ANALYSIS = YES;
				CLANG_WARN_STRICT_PROTOTYPES = YES;
				CLANG_WARN_SUSPICIOUS_MOVE = YES;
				CLANG_WARN_UNGUARDED_AVAILABILITY = YES_AGGRESSIVE;
				CLANG_WARN_UNREACHABLE_CODE = YES;
				CLANG_WARN__DUPLICATE_METHOD_MATCH = YES;
				CODE_SIGN_IDENTITY = "iPhone Developer";
				COPY_PHASE_STRIP = NO;
				DEBUG_INFORMATION_FORMAT = "dwarf-with-dsym";
				ENABLE_NS_ASSERTIONS = NO;
				ENABLE_STRICT_OBJC_MSGSEND = YES;
				GCC_C_LANGUAGE_STANDARD = gnu11;
				GCC_NO_COMMON_BLOCKS = YES;
				GCC_WARN_64_TO_32_BIT_CONVERSION = YES;
				GCC_WARN_ABOUT_RETURN_TYPE = YES_ERROR;
				GCC_WARN_UNDECLARED_SELECTOR = YES;
				GCC_WARN_UNINITIALIZED_AUTOS = YES_AGGRESSIVE;
				GCC_WARN_UNUSED_FUNCTION = YES;
				GCC_WARN_UNUSED_VARIABLE = YES;
				IPHONEOS_DEPLOYMENT_TARGET = 11.4;
				MTL_ENABLE_DEBUG_INFO = NO;
				SDKROOT = iphoneos;
				SWIFT_COMPILATION_MODE = wholemodule;
				SWIFT_OPTIMIZATION_LEVEL = "-O";
				VALIDATE_PRODUCT = YES;
			};
			name = Release;
		};
		0951538D216FC8FD00477428 /* Debug */ = {
			isa = XCBuildConfiguration;
			buildSettings = {
				ASSETCATALOG_COMPILER_APPICON_NAME = AppIcon;
				CODE_SIGN_STYLE = Automatic;
				INFOPLIST_FILE = Clock/Info.plist;
				LD_RUNPATH_SEARCH_PATHS = (
					"$(inherited)",
					"@executable_path/Frameworks",
				);
				PRODUCT_BUNDLE_IDENTIFIER = NewWaveComputers.Clock;
				PRODUCT_NAME = "$(TARGET_NAME)";
				SWIFT_VERSION = 4.0;
				TARGETED_DEVICE_FAMILY = "1,2";
			};
			name = Debug;
		};
		0951538E216FC8FD00477428 /* Release */ = {
			isa = XCBuildConfiguration;
			buildSettings = {
				ASSETCATALOG_COMPILER_APPICON_NAME = AppIcon;
				CODE_SIGN_STYLE = Automatic;
				INFOPLIST_FILE = Clock/Info.plist;
				LD_RUNPATH_SEARCH_PATHS = (
					"$(inherited)",
					"@executable_path/Frameworks",
				);
				PRODUCT_BUNDLE_IDENTIFIER = NewWaveComputers.Clock;
				PRODUCT_NAME = "$(TARGET_NAME)";
				SWIFT_VERSION = 4.0;
				TARGETED_DEVICE_FAMILY = "1,2";
			};
			name = Release;
		};
		09515390216FC8FD00477428 /* Debug */ = {
			isa = XCBuildConfiguration;
			buildSettings = {
				ALWAYS_EMBED_SWIFT_STANDARD_LIBRARIES = YES;
				BUNDLE_LOADER = "$(TEST_HOST)";
				CODE_SIGN_STYLE = Automatic;
				INFOPLIST_FILE = ClockTests/Info.plist;
				LD_RUNPATH_SEARCH_PATHS = (
					"$(inherited)",
					"@executable_path/Frameworks",
					"@loader_path/Frameworks",
				);
				PRODUCT_BUNDLE_IDENTIFIER = NewWaveComputers.ClockTests;
				PRODUCT_NAME = "$(TARGET_NAME)";
				SWIFT_VERSION = 4.0;
				TARGETED_DEVICE_FAMILY = "1,2";
				TEST_HOST = "$(BUILT_PRODUCTS_DIR)/Clock.app/Clock";
			};
			name = Debug;
		};
		09515391216FC8FD00477428 /* Release */ = {
			isa = XCBuildConfiguration;
			buildSettings = {
				ALWAYS_EMBED_SWIFT_STANDARD_LIBRARIES = YES;
				BUNDLE_LOADER = "$(TEST_HOST)";
				CODE_SIGN_STYLE = Automatic;
				INFOPLIST_FILE = ClockTests/Info.plist;
				LD_RUNPATH_SEARCH_PATHS = (
					"$(inherited)",
					"@executable_path/Frameworks",
					"@loader_path/Frameworks",
				);
				PRODUCT_BUNDLE_IDENTIFIER = NewWaveComputers.ClockTests;
				PRODUCT_NAME = "$(TARGET_NAME)";
				SWIFT_VERSION = 4.0;
				TARGETED_DEVICE_FAMILY = "1,2";
				TEST_HOST = "$(BUILT_PRODUCTS_DIR)/Clock.app/Clock";
			};
			name = Release;
		};
		09515393216FC8FD00477428 /* Debug */ = {
			isa = XCBuildConfiguration;
			buildSettings = {
				ALWAYS_EMBED_SWIFT_STANDARD_LIBRARIES = YES;
				CODE_SIGN_STYLE = Automatic;
				INFOPLIST_FILE = ClockUITests/Info.plist;
				LD_RUNPATH_SEARCH_PATHS = (
					"$(inherited)",
					"@executable_path/Frameworks",
					"@loader_path/Frameworks",
				);
				PRODUCT_BUNDLE_IDENTIFIER = NewWaveComputers.ClockUITests;
				PRODUCT_NAME = "$(TARGET_NAME)";
				SWIFT_VERSION = 4.0;
				TARGETED_DEVICE_FAMILY = "1,2";
				TEST_TARGET_NAME = Clock;
			};
			name = Debug;
		};
		09515394216FC8FD00477428 /* Release */ = {
			isa = XCBuildConfiguration;
			buildSettings = {
				ALWAYS_EMBED_SWIFT_STANDARD_LIBRARIES = YES;
				CODE_SIGN_STYLE = Automatic;
				INFOPLIST_FILE = ClockUITests/Info.plist;
				LD_RUNPATH_SEARCH_PATHS = (
					"$(inherited)",
					"@executable_path/Frameworks",
					"@loader_path/Frameworks",
				);
				PRODUCT_BUNDLE_IDENTIFIER = NewWaveComputers.ClockUITests;
				PRODUCT_NAME = "$(TARGET_NAME)";
				SWIFT_VERSION = 4.0;
				TARGETED_DEVICE_FAMILY = "1,2";
				TEST_TARGET_NAME = Clock;
			};
			name = Release;
		};
/* End XCBuildConfiguration section */

/* Begin XCConfigurationList section */
		0951535F216FC8FB00477428 /* Build configuration list for PBXProject "Clock" */ = {
			isa = XCConfigurationList;
			buildConfigurations = (
				0951538A216FC8FD00477428 /* Debug */,
				0951538B216FC8FD00477428 /* Release */,
			);
			defaultConfigurationIsVisible = 0;
			defaultConfigurationName = Release;
		};
		0951538C216FC8FD00477428 /* Build configuration list for PBXNativeTarget "Clock" */ = {
			isa = XCConfigurationList;
			buildConfigurations = (
				0951538D216FC8FD00477428 /* Debug */,
				0951538E216FC8FD00477428 /* Release */,
			);
			defaultConfigurationIsVisible = 0;
			defaultConfigurationName = Release;
		};
		0951538F216FC8FD00477428 /* Build configuration list for PBXNativeTarget "ClockTests" */ = {
			isa = XCConfigurationList;
			buildConfigurations = (
				09515390216FC8FD00477428 /* Debug */,
				09515391216FC8FD00477428 /* Release */,
			);
			defaultConfigurationIsVisible = 0;
			defaultConfigurationName = Release;
		};
		09515392216FC8FD00477428 /* Build configuration list for PBXNativeTarget "ClockUITests" */ = {
			isa = XCConfigurationList;
			buildConfigurations = (
				09515393216FC8FD00477428 /* Debug */,
				09515394216FC8FD00477428 /* Release */,
			);
			defaultConfigurationIsVisible = 0;
			defaultConfigurationName = Release;
		};
/* End XCConfigurationList section */
	};
	rootObject = 0951535C216FC8FB00477428 /* Project object */;
}
